
Microsoft Visual Studio Solution File, Format Version 12.00
# Visual Studio Version 17
VisualStudioVersion = 17.14.36414.22 d17.14
MinimumVisualStudioVersion = 10.0.40219.1
Project("{FAE04EC0-301F-11D3-BF4B-00C04F79EFBC}") = "Payments - C# Homework (base Variant)", "Payments - C# Homework (base Variant)\Payments - C# Homework (base Variant).csproj", "{3288313D-65BC-45A1-A48A-AEC6646AF72D}"
EndProject
Global
	GlobalSection(SolutionConfigurationPlatforms) = preSolution
		Debug|Any CPU = Debug|Any CPU
		Release|Any CPU = Release|Any CPU
	EndGlobalSection
	GlobalSection(ProjectConfigurationPlatforms) = postSolution
		{3288313D-65BC-45A1-A48A-AEC6646AF72D}.Debug|Any CPU.ActiveCfg = Debug|Any CPU
		{3288313D-65BC-45A1-A48A-AEC6646AF72D}.Debug|Any CPU.Build.0 = Debug|Any CPU
		{3288313D-65BC-45A1-A48A-AEC6646AF72D}.Release|Any CPU.ActiveCfg = Release|Any CPU
		{3288313D-65BC-45A1-A48A-AEC6646AF72D}.Release|Any CPU.Build.0 = Release|Any CPU
	EndGlobalSection
	GlobalSection(SolutionProperties) = preSolution
		HideSolutionNode = FALSE
	EndGlobalSection
	GlobalSection(ExtensibilityGlobals) = postSolution
		SolutionGuid = {31D6D7C0-1CFF-4315-AA1A-F0C61745126D}
	EndGlobalSection
EndGlobal
